
Microsoft Visual Studio Solution File, Format Version 12.00
# Visual Studio Version 16
VisualStudioVersion = 16.0.33801.447
MinimumVisualStudioVersion = 10.0.40219.1
Project("{8BC9CEB8-8B4A-11D0-8D11-00A0C91BC942}") = "Esp8266Interface", "Esp8266Interface.vcxproj", "{14C6F556-3CD3-4DC0-92A2-9DCE83B14465}"
EndProject
Global
	GlobalSection(SolutionConfigurationPlatforms) = preSolution
		Debug|ARM = Debug|ARM
		Debug|ARM64 = Debug|ARM64
		Release|ARM = Release|ARM
		Release|ARM64 = Release|ARM64
	EndGlobalSection
	GlobalSection(ProjectConfigurationPlatforms) = postSolution
		{14C6F556-3CD3-4DC0-92A2-9DCE83B14465}.Debug|ARM.ActiveCfg = Debug|ARM
		{14C6F556-3CD3-4DC0-92A2-9DCE83B14465}.Debug|ARM.Build.0 = Debug|ARM
		{14C6F556-3CD3-4DC0-92A2-9DCE83B14465}.Debug|ARM.Deploy.0 = Debug|ARM
		{14C6F556-3CD3-4DC0-92A2-9DCE83B14465}.Debug|ARM64.ActiveCfg = Debug|ARM64
		{14C6F556-3CD3-4DC0-92A2-9DCE83B14465}.Debug|ARM64.Build.0 = Debug|ARM64
		{14C6F556-3CD3-4DC0-92A2-9DCE83B14465}.Debug|ARM64.Deploy.0 = Debug|ARM64
		{14C6F556-3CD3-4DC0-92A2-9DCE83B14465}.Release|ARM.ActiveCfg = Release|ARM
		{14C6F556-3CD3-4DC0-92A2-9DCE83B14465}.Release|ARM.Build.0 = Release|ARM
		{14C6F556-3CD3-4DC0-92A2-9DCE83B14465}.Release|ARM.Deploy.0 = Release|ARM
		{14C6F556-3CD3-4DC0-92A2-9DCE83B14465}.Release|ARM64.ActiveCfg = Release|ARM64
		{14C6F556-3CD3-4DC0-92A2-9DCE83B14465}.Release|ARM64.Build.0 = Release|ARM64
		{14C6F556-3CD3-4DC0-92A2-9DCE83B14465}.Release|ARM64.Deploy.0 = Release|ARM64
	EndGlobalSection
	GlobalSection(SolutionProperties) = preSolution
		HideSolutionNode = FALSE
	EndGlobalSection
	GlobalSection(ExtensibilityGlobals) = postSolution
		SolutionGuid = {35C63FB4-8B8B-40A1-9B5C-E34EB44D395E}
	EndGlobalSection
EndGlobal
